{
  "name": ".build",
  "lockfileVersion": 2,
  "requires": true,
  "packages": {
    "": {
      "dependencies": {
        "xxhash-addon": "^2.0.1"
      }
    },
    "node_modules/xxhash-addon": {
      "version": "2.0.1",
      "resolved": "https://registry.npmjs.org/xxhash-addon/-/xxhash-addon-2.0.1.tgz",
      "integrity": "sha512-Ev/Pu+WS45RKwIHmy5FkRjLmiVwdS2kbuajd4ezZJVM4YJ4tIMp6hr2d2FNMHva0RBEBI+o7Bf//9tzy6QUe+A==",
      "hasInstallScript": true,
      "engines": {
        "node": ">=8.6.0 <9.0.0 || >=10.0.0"
      }
    }
  },
  "dependencies": {
    "xxhash-addon": {
      "version": "2.0.1",
      "resolved": "https://registry.npmjs.org/xxhash-addon/-/xxhash-addon-2.0.1.tgz",
      "integrity": "sha512-Ev/Pu+WS45RKwIHmy5FkRjLmiVwdS2kbuajd4ezZJVM4YJ4tIMp6hr2d2FNMHva0RBEBI+o7Bf//9tzy6QUe+A=="
    }
  }
}
